// !$*UTF8*$!
{
	archiveVersion = 1;
	classes = {
	};
	objectVersion = 46;
	objects = {

/* Begin PBXBuildFile section */
		BE960B2015B3D1380049EB5C /* UIKit.framework in Frameworks */ = {isa = PBXBuildFile; fileRef = BE960B1F15B3D1380049EB5C /* UIKit.framework */; };
		BE960B2215B3D1380049EB5C /* Foundation.framework in Frameworks */ = {isa = PBXBuildFile; fileRef = BE960B2115B3D1380049EB5C /* Foundation.framework */; };
		BE960B2415B3D1380049EB5C /* CoreGraphics.framework in Frameworks */ = {isa = PBXBuildFile; fileRef = BE960B2315B3D1380049EB5C /* CoreGraphics.framework */; };
		BE960B2A15B3D1380049EB5C /* InfoPlist.strings in Resources */ = {isa = PBXBuildFile; fileRef = BE960B2815B3D1380049EB5C /* InfoPlist.strings */; };
		BE960B2C15B3D1380049EB5C /* main.m in Sources */ = {isa = PBXBuildFile; fileRef = BE960B2B15B3D1380049EB5C /* main.m */; };
		BE960B3015B3D1380049EB5C /* HFAppDelegate.m in Sources */ = {isa = PBXBuildFile; fileRef = BE960B2F15B3D1380049EB5C /* HFAppDelegate.m */; };
		BE960B3315B3D1380049EB5C /* MainStoryboard_iPhone.storyboard in Resources */ = {isa = PBXBuildFile; fileRef = BE960B3115B3D1380049EB5C /* MainStoryboard_iPhone.storyboard */; };
		BE960B3615B3D1380049EB5C /* MainStoryboard_iPad.storyboard in Resources */ = {isa = PBXBuildFile; fileRef = BE960B3415B3D1380049EB5C /* MainStoryboard_iPad.storyboard */; };
		BE960B3915B3D1380049EB5C /* HFViewController.m in Sources */ = {isa = PBXBuildFile; fileRef = BE960B3815B3D1380049EB5C /* HFViewController.m */; };
/* End PBXBuildFile section */

/* Begin PBXFileReference section */
		BE960B1B15B3D1380049EB5C /* VoiceOverCrash.app */ = {isa = PBXFileReference; explicitFileType = wrapper.application; includeInIndex = 0; path = VoiceOverCrash.app; sourceTree = BUILT_PRODUCTS_DIR; };
		BE960B1F15B3D1380049EB5C /* UIKit.framework */ = {isa = PBXFileReference; lastKnownFileType = wrapper.framework; name = UIKit.framework; path = System/Library/Frameworks/UIKit.framework; sourceTree = SDKROOT; };
		BE960B2115B3D1380049EB5C /* Foundation.framework */ = {isa = PBXFileReference; lastKnownFileType = wrapper.framework; name = Foundation.framework; path = System/Library/Frameworks/Foundation.framework; sourceTree = SDKROOT; };
		BE960B2315B3D1380049EB5C /* CoreGraphics.framework */ = {isa = PBXFileReference; lastKnownFileType = wrapper.framework; name = CoreGraphics.framework; path = System/Library/Frameworks/CoreGraphics.framework; sourceTree = SDKROOT; };
		BE960B2715B3D1380049EB5C /* VoiceOverCrash-Info.plist */ = {isa = PBXFileReference; path = "VoiceOverCrash-Info.plist"; sourceTree = "<group>"; };
		BE960B2915B3D1380049EB5C /* en */ = {isa = PBXFileReference; lastKnownFileType = text.plist.strings; name = en; path = en.lproj/InfoPlist.strings; sourceTree = "<group>"; };
		BE960B2B15B3D1380049EB5C /* main.m */ = {isa = PBXFileReference; lastKnownFileType = sourcecode.c.objc; path = main.m; sourceTree = "<group>"; };
		BE960B2D15B3D1380049EB5C /* VoiceOverCrash-Prefix.pch */ = {isa = PBXFileReference; path = "VoiceOverCrash-Prefix.pch"; sourceTree = "<group>"; };
		BE960B2E15B3D1380049EB5C /* HFAppDelegate.h */ = {isa = PBXFileReference; path = HFAppDelegate.h; sourceTree = "<group>"; };
		BE960B2F15B3D1380049EB5C /* HFAppDelegate.m */ = {isa = PBXFileReference; lastKnownFileType = sourcecode.c.objc; path = HFAppDelegate.m; sourceTree = "<group>"; };
		BE960B3215B3D1380049EB5C /* en */ = {isa = PBXFileReference; lastKnownFileType = file.storyboard; name = en; path = en.lproj/MainStoryboard_iPhone.storyboard; sourceTree = "<group>"; };
		BE960B3515B3D1380049EB5C /* en */ = {isa = PBXFileReference; lastKnownFileType = file.storyboard; name = en; path = en.lproj/MainStoryboard_iPad.storyboard; sourceTree = "<group>"; };
		BE960B3715B3D1380049EB5C /* HFViewController.h */ = {isa = PBXFileReference; path = HFViewController.h; sourceTree = "<group>"; };
		BE960B3815B3D1380049EB5C /* HFViewController.m */ = {isa = PBXFileReference; lastKnownFileType = sourcecode.c.objc; path = HFViewController.m; sourceTree = "<group>"; };
/* End PBXFileReference section */

/* Begin PBXFrameworksBuildPhase section */
		BE960B1815B3D1380049EB5C /* Frameworks */ = {
			isa = PBXFrameworksBuildPhase;
			buildActionMask = 2147483647;
			files = (
				BE960B2015B3D1380049EB5C /* UIKit.framework in Frameworks */,
				BE960B2215B3D1380049EB5C /* Foundation.framework in Frameworks */,
				BE960B2415B3D1380049EB5C /* CoreGraphics.framework in Frameworks */,
			);
			runOnlyForDeploymentPostprocessing = 0;
		};
/* End PBXFrameworksBuildPhase section */

/* Begin PBXGroup section */
		BE960B1015B3D1370049EB5C = {
			isa = PBXGroup;
			children = (
				BE960B2515B3D1380049EB5C /* VoiceOverCrash */,
				BE960B1E15B3D1380049EB5C /* Frameworks */,
				BE960B1C15B3D1380049EB5C /* Products */,
			);
			sourceTree = "<group>";
		};
		BE960B1C15B3D1380049EB5C /* Products */ = {
			isa = PBXGroup;
			children = (
				BE960B1B15B3D1380049EB5C /* VoiceOverCrash.app */,
			);
			name = Products;
			sourceTree = "<group>";
		};
		BE960B1E15B3D1380049EB5C /* Frameworks */ = {
			isa = PBXGroup;
			children = (
				BE960B1F15B3D1380049EB5C /* UIKit.framework */,
				BE960B2115B3D1380049EB5C /* Foundation.framework */,
				BE960B2315B3D1380049EB5C /* CoreGraphics.framework */,
			);
			name = Frameworks;
			sourceTree = "<group>";
		};
		BE960B2515B3D1380049EB5C /* VoiceOverCrash */ = {
			isa = PBXGroup;
			children = (
				BE960B2E15B3D1380049EB5C /* HFAppDelegate.h */,
				BE960B2F15B3D1380049EB5C /* HFAppDelegate.m */,
				BE960B3115B3D1380049EB5C /* MainStoryboard_iPhone.storyboard */,
				BE960B3415B3D1380049EB5C /* MainStoryboard_iPad.storyboard */,
				BE960B3715B3D1380049EB5C /* HFViewController.h */,
				BE960B3815B3D1380049EB5C /* HFViewController.m */,
				BE960B2615B3D1380049EB5C /* Supporting Files */,
			);
			path = VoiceOverCrash;
			sourceTree = "<group>";
		};
		BE960B2615B3D1380049EB5C /* Supporting Files */ = {
			isa = PBXGroup;
			children = (
				BE960B2715B3D1380049EB5C /* VoiceOverCrash-Info.plist */,
				BE960B2815B3D1380049EB5C /* InfoPlist.strings */,
				BE960B2B15B3D1380049EB5C /* main.m */,
				BE960B2D15B3D1380049EB5C /* VoiceOverCrash-Prefix.pch */,
			);
			name = "Supporting Files";
			sourceTree = "<group>";
		};
/* End PBXGroup section */

/* Begin PBXNativeTarget section */
		BE960B1A15B3D1380049EB5C /* VoiceOverCrash */ = {
			isa = PBXNativeTarget;
			buildConfigurationList = BE960B3C15B3D1380049EB5C /* Build configuration list for PBXNativeTarget "VoiceOverCrash" */;
			buildPhases = (
				BE960B1715B3D1380049EB5C /* Sources */,
				BE960B1815B3D1380049EB5C /* Frameworks */,
				BE960B1915B3D1380049EB5C /* Resources */,
			);
			buildRules = (
			);
			dependencies = (
			);
			name = VoiceOverCrash;
			productName = VoiceOverCrash;
			productReference = BE960B1B15B3D1380049EB5C /* VoiceOverCrash.app */;
			productType = "com.apple.product-type.application";
		};
/* End PBXNativeTarget section */

/* Begin PBXProject section */
		BE960B1215B3D1370049EB5C /* Project object */ = {
			isa = PBXProject;
			attributes = {
				CLASSPREFIX = HF;
				LastUpgradeCheck = 0430;
				ORGANIZATIONNAME = "Human Friendly Ltd.";
			};
			buildConfigurationList = BE960B1515B3D1370049EB5C /* Build configuration list for PBXProject "VoiceOverCrash" */;
			compatibilityVersion = "Xcode 3.2";
			developmentRegion = English;
			hasScannedForEncodings = 0;
			knownRegions = (
				en,
			);
			mainGroup = BE960B1015B3D1370049EB5C;
			productRefGroup = BE960B1C15B3D1380049EB5C /* Products */;
			projectDirPath = "";
			projectRoot = "";
			targets = (
				BE960B1A15B3D1380049EB5C /* VoiceOverCrash */,
			);
		};
/* End PBXProject section */

/* Begin PBXResourcesBuildPhase section */
		BE960B1915B3D1380049EB5C /* Resources */ = {
			isa = PBXResourcesBuildPhase;
			buildActionMask = 2147483647;
			files = (
				BE960B2A15B3D1380049EB5C /* InfoPlist.strings in Resources */,
				BE960B3315B3D1380049EB5C /* MainStoryboard_iPhone.storyboard in Resources */,
				BE960B3615B3D1380049EB5C /* MainStoryboard_iPad.storyboard in Resources */,
			);
			runOnlyForDeploymentPostprocessing = 0;
		};
/* End PBXResourcesBuildPhase section */

/* Begin PBXSourcesBuildPhase section */
		BE960B1715B3D1380049EB5C /* Sources */ = {
			isa = PBXSourcesBuildPhase;
			buildActionMask = 2147483647;
			files = (
				BE960B2C15B3D1380049EB5C /* main.m in Sources */,
				BE960B3015B3D1380049EB5C /* HFAppDelegate.m in Sources */,
				BE960B3915B3D1380049EB5C /* HFViewController.m in Sources */,
			);
			runOnlyForDeploymentPostprocessing = 0;
		};
/* End PBXSourcesBuildPhase section */

/* Begin PBXVariantGroup section */
		BE960B2815B3D1380049EB5C /* InfoPlist.strings */ = {
			isa = PBXVariantGroup;
			children = (
				BE960B2915B3D1380049EB5C /* en */,
			);
			name = InfoPlist.strings;
			sourceTree = "<group>";
		};
		BE960B3115B3D1380049EB5C /* MainStoryboard_iPhone.storyboard */ = {
			isa = PBXVariantGroup;
			children = (
				BE960B3215B3D1380049EB5C /* en */,
			);
			name = MainStoryboard_iPhone.storyboard;
			sourceTree = "<group>";
		};
		BE960B3415B3D1380049EB5C /* MainStoryboard_iPad.storyboard */ = {
			isa = PBXVariantGroup;
			children = (
				BE960B3515B3D1380049EB5C /* en */,
			);
			name = MainStoryboard_iPad.storyboard;
			sourceTree = "<group>";
		};
/* End PBXVariantGroup section */

/* Begin XCBuildConfiguration section */
		BE960B3A15B3D1380049EB5C /* Debug */ = {
			isa = XCBuildConfiguration;
			buildSettings = {
				ALWAYS_SEARCH_USER_PATHS = NO;
				ARCHS = "$(ARCHS_STANDARD_32_BIT)";
				CLANG_ENABLE_OBJC_ARC = YES;
				"CODE_SIGN_IDENTITY[sdk=iphoneos*]" = "iPhone Developer";
				COPY_PHASE_STRIP = NO;
				GCC_C_LANGUAGE_STANDARD = gnu99;
				GCC_DYNAMIC_NO_PIC = NO;
				GCC_OPTIMIZATION_LEVEL = 0;
				GCC_PREPROCESSOR_DEFINITIONS = (
					"DEBUG=1",
					"$(inherited)",
				);
				GCC_SYMBOLS_PRIVATE_EXTERN = NO;
				GCC_VERSION = com.apple.compilers.llvm.clang.1_0;
				GCC_WARN_ABOUT_RETURN_TYPE = YES;
				GCC_WARN_UNINITIALIZED_AUTOS = YES;
				GCC_WARN_UNUSED_VARIABLE = YES;
				IPHONEOS_DEPLOYMENT_TARGET = 5.1;
				SDKROOT = iphoneos;
				TARGETED_DEVICE_FAMILY = "1,2";
			};
			name = Debug;
		};
		BE960B3B15B3D1380049EB5C /* Release */ = {
			isa = XCBuildConfiguration;
			buildSettings = {
				ALWAYS_SEARCH_USER_PATHS = NO;
				ARCHS = "$(ARCHS_STANDARD_32_BIT)";
				CLANG_ENABLE_OBJC_ARC = YES;
				"CODE_SIGN_IDENTITY[sdk=iphoneos*]" = "iPhone Developer";
				COPY_PHASE_STRIP = YES;
				GCC_C_LANGUAGE_STANDARD = gnu99;
				GCC_VERSION = com.apple.compilers.llvm.clang.1_0;
				GCC_WARN_ABOUT_RETURN_TYPE = YES;
				GCC_WARN_UNINITIALIZED_AUTOS = YES;
				GCC_WARN_UNUSED_VARIABLE = YES;
				IPHONEOS_DEPLOYMENT_TARGET = 5.1;
				OTHER_CFLAGS = "-DNS_BLOCK_ASSERTIONS=1";
				SDKROOT = iphoneos;
				TARGETED_DEVICE_FAMILY = "1,2";
				VALIDATE_PRODUCT = YES;
			};
			name = Release;
		};
		BE960B3D15B3D1380049EB5C /* Debug */ = {
			isa = XCBuildConfiguration;
			buildSettings = {
				GCC_PRECOMPILE_PREFIX_HEADER = YES;
				GCC_PREFIX_HEADER = "VoiceOverCrash/VoiceOverCrash-Prefix.pch";
				INFOPLIST_FILE = "VoiceOverCrash/VoiceOverCrash-Info.plist";
				PRODUCT_NAME = "$(TARGET_NAME)";
				WRAPPER_EXTENSION = app;
			};
			name = Debug;
		};
		BE960B3E15B3D1380049EB5C /* Release */ = {
			isa = XCBuildConfiguration;
			buildSettings = {
				GCC_PRECOMPILE_PREFIX_HEADER = YES;
				GCC_PREFIX_HEADER = "VoiceOverCrash/VoiceOverCrash-Prefix.pch";
				INFOPLIST_FILE = "VoiceOverCrash/VoiceOverCrash-Info.plist";
				PRODUCT_NAME = "$(TARGET_NAME)";
				WRAPPER_EXTENSION = app;
			};
			name = Release;
		};
/* End XCBuildConfiguration section */

/* Begin XCConfigurationList section */
		BE960B1515B3D1370049EB5C /* Build configuration list for PBXProject "VoiceOverCrash" */ = {
			isa = XCConfigurationList;
			buildConfigurations = (
				BE960B3A15B3D1380049EB5C /* Debug */,
				BE960B3B15B3D1380049EB5C /* Release */,
			);
			defaultConfigurationIsVisible = 0;
			defaultConfigurationName = Release;
		};
		BE960B3C15B3D1380049EB5C /* Build configuration list for PBXNativeTarget "VoiceOverCrash" */ = {
			isa = XCConfigurationList;
			buildConfigurations = (
				BE960B3D15B3D1380049EB5C /* Debug */,
				BE960B3E15B3D1380049EB5C /* Release */,
			);
			defaultConfigurationIsVisible = 0;
		};
/* End XCConfigurationList section */
	};
	rootObject = BE960B1215B3D1370049EB5C /* Project object */;
}
